{
  "name": "opencode",
  "version": "file:../../dev/environment/home/.config/opencode",
  "lockfileVersion": 3,
  "requires": true,
  "packages": {
    "": {
      "dependencies": {
        "@opencode-ai/plugin": "1.2.24"
      }
    },
    "../../dev/environment/home/.config/opencode/node_modules/@opencode-ai/plugin": {
      "version": "1.2.24",
      "resolved": "https://registry.npmjs.org/@opencode-ai/plugin/-/plugin-1.2.24.tgz",
      "integrity": "sha512-B3hw415D+2w6AtdRdvKWkuQVT0LXDWTdnAZhZC6gbd+UHh5O5DMmnZTe/YM8yK8ZZO9Dvo5rnV78TdDDYunJiw==",
      "license": "MIT",
      "dependencies": {
        "@opencode-ai/sdk": "1.2.24",
        "zod": "4.1.8"
      }
    },
    "../../dev/environment/home/.config/opencode/node_modules/@opencode-ai/sdk": {
      "version": "1.2.24",
      "resolved": "https://registry.npmjs.org/@opencode-ai/sdk/-/sdk-1.2.24.tgz",
      "integrity": "sha512-MQamFkRl4B/3d6oIRLNpkYR2fcwet1V/ffKyOKJXWjtP/CT9PDJMtLpu6olVHjXKQi8zMNltwuMhv1QsNtRlZg==",
      "license": "MIT"
    },
    "../../dev/environment/home/.config/opencode/node_modules/zod": {
      "version": "4.1.8",
      "resolved": "https://registry.npmjs.org/zod/-/zod-4.1.8.tgz",
      "integrity": "sha512-5R1P+WwQqmmMIEACyzSvo4JXHY5WiAFHRMg+zBZKgKS+Q1viRa0C1hmUKtHltoIFKtIdki3pRxkmpP74jnNYHQ==",
      "license": "MIT",
      "funding": {
        "url": "https://github.com/sponsors/colinhacks"
      }
    }
  }
}
